# This file is automatically @generated by Cargo.
# It is not intended for manual editing.
version = 4

[[package]]
name = "hurd-rt"
version = "0.9.0"
dependencies = [
 "hurd-rt-macros",
 "libc-sys",
]

[[package]]
name = "hurd-rt-macros"
version = "0.9.0"

[[package]]
name = "init"
version = "0.9.0"
dependencies = [
 "hurd-rt",
 "libc-sys",
]

[[package]]
name = "libc-sys"
version = "0.9.0"

[[package]]
name = "mach-sys"
version = "0.9.0"
dependencies = [
 "libc-sys",
]

[[package]]
name = "mig"
version = "0.9.0"
dependencies = [
 "mach-sys",
 "mig-macros",
]

[[package]]
name = "mig-macros"
version = "0.9.0"
dependencies = [
 "mach-sys",
]

[[package]]
name = "ports-sys"
version = "0.9.0"
dependencies = [
 "libc-sys",
 "mach-sys",
]

[[package]]
name = "shutdown"
version = "0.9.0"
dependencies = [
 "hurd-rt",
 "libc-sys",
 "mach-sys",
 "mig",
 "ports-sys",
 "trivfs",
]

[[package]]
name = "trivfs"
version = "0.9.0"
dependencies = [
 "libc-sys",
 "mach-sys",
 "mig",
 "ports-sys",
 "trivfs-sys",
]

[[package]]
name = "trivfs-sys"
version = "0.9.0"
dependencies = [
 "libc-sys",
 "mach-sys",
 "ports-sys",
]
